<?xml version="1.0" encoding="utf-8"?>
<Project ToolsVersion="4.0" xmlns="http://schemas.microsoft.com/developer/msbuild/2003">
  <ItemGroup>
    <ClInclude Include="Undertale.h" />
    <ClInclude Include="TitleLevel.h">
      <Filter>Level\TitleLevel</Filter>
    </ClInclude>
    <ClInclude Include="PlayLevel.h">
      <Filter>Level\PlayLevel</Filter>
    </ClInclude>
    <ClInclude Include="EndingLevel.h">
      <Filter>Level\Ennding</Filter>
    </ClInclude>
    <ClInclude Include="Player.h">
      <Filter>Actor\Player</Filter>
    </ClInclude>
    <ClInclude Include="PlayBackGround.h">
      <Filter>Level\PlayLevel\Actor</Filter>
    </ClInclude>
    <ClInclude Include="ContentsEnums.h">
      <Filter>Level\Global</Filter>
    </ClInclude>
    <ClInclude Include="PlayLevel2.h">
      <Filter>Level\PlayLevel2</Filter>
    </ClInclude>
    <ClInclude Include="PlayLevel2Actor.h">
      <Filter>Level\PlayLevel2\Actor</Filter>
    </ClInclude>
    <ClInclude Include="TitleImage.h">
      <Filter>Level\TitleLevel\Actor</Filter>
    </ClInclude>
    <ClInclude Include="TitleFont.h">
      <Filter>Level\TitleLevel\Actor</Filter>
    </ClInclude>
    <ClInclude Include="BattleLevelActor.h">
      <Filter>Level\BattleLevel\Actor</Filter>
    </ClInclude>
    <ClInclude Include="FloweyBattleLevel.h">
      <Filter>Level\BattleLevel\FloweyBattleLevel</Filter>
    </ClInclude>
    <ClInclude Include="Flowey.h">
      <Filter>Actor\Monster\Flowey</Filter>
    </ClInclude>
    <ClInclude Include="FloweyBullet.h">
      <Filter>Actor\Monster\Flowey</Filter>
    </ClInclude>
    <ClInclude Include="BattleLevel.h">
      <Filter>Level\BattleLevel</Filter>
    </ClInclude>
    <ClInclude Include="FadeInOut.h">
      <Filter>Level\Global</Filter>
    </ClInclude>
    <ClInclude Include="PlayLevel2Font.h">
      <Filter>Level\PlayLevel2\Actor</Filter>
    </ClInclude>
    <ClInclude Include="FloweyBattleLevelFont.h">
      <Filter>Level\BattleLevel\Actor</Filter>
    </ClInclude>
  </ItemGroup>
  <ItemGroup>
    <ClCompile Include="Undertale.cpp" />
    <ClCompile Include="TitleLevel.cpp">
      <Filter>Level\TitleLevel</Filter>
    </ClCompile>
    <ClCompile Include="PlayLevel.cpp">
      <Filter>Level\PlayLevel</Filter>
    </ClCompile>
    <ClCompile Include="EndingLevel.cpp">
      <Filter>Level\Ennding</Filter>
    </ClCompile>
    <ClCompile Include="Player.cpp">
      <Filter>Actor\Player</Filter>
    </ClCompile>
    <ClCompile Include="Player_State.cpp">
      <Filter>Actor\Player</Filter>
    </ClCompile>
    <ClCompile Include="PlayBackGround.cpp">
      <Filter>Level\PlayLevel\Actor</Filter>
    </ClCompile>
    <ClCompile Include="PlayLevel2.cpp">
      <Filter>Level\PlayLevel2</Filter>
    </ClCompile>
    <ClCompile Include="PlayLevel2Actor.cpp">
      <Filter>Level\PlayLevel2\Actor</Filter>
    </ClCompile>
    <ClCompile Include="TitleImage.cpp">
      <Filter>Level\TitleLevel\Actor</Filter>
    </ClCompile>
    <ClCompile Include="TitleFont.cpp">
      <Filter>Level\TitleLevel\Actor</Filter>
    </ClCompile>
    <ClCompile Include="BattleLevelActor.cpp">
      <Filter>Level\BattleLevel\Actor</Filter>
    </ClCompile>
    <ClCompile Include="FloweyBattleLevel.cpp">
      <Filter>Level\BattleLevel\FloweyBattleLevel</Filter>
    </ClCompile>
    <ClCompile Include="Flowey.cpp">
      <Filter>Actor\Monster\Flowey</Filter>
    </ClCompile>
    <ClCompile Include="FloweyBullet.cpp">
      <Filter>Actor\Monster\Flowey</Filter>
    </ClCompile>
    <ClCompile Include="BattleLevel.cpp">
      <Filter>Level\BattleLevel</Filter>
    </ClCompile>
    <ClCompile Include="FadeInOut.cpp">
      <Filter>Level\Global</Filter>
    </ClCompile>
    <ClCompile Include="PlayLevel2Font.cpp">
      <Filter>Level\PlayLevel2\Actor</Filter>
    </ClCompile>
    <ClCompile Include="FloweyBattleLevelFont.cpp">
      <Filter>Level\BattleLevel\Actor</Filter>
    </ClCompile>
  </ItemGroup>
  <ItemGroup>
    <Filter Include="Level">
      <UniqueIdentifier>{6f271dbc-ddf9-4a4e-a126-77c2f6eb0f7d}</UniqueIdentifier>
    </Filter>
    <Filter Include="Actor">
      <UniqueIdentifier>{d5424ec1-88d1-47e0-96f8-b0641df815f7}</UniqueIdentifier>
    </Filter>
    <Filter Include="Level\MainMenu">
      <UniqueIdentifier>{b89aaccb-edd5-4efe-9947-6b909b2f77a8}</UniqueIdentifier>
    </Filter>
    <Filter Include="Level\Ennding">
      <UniqueIdentifier>{fd439386-874f-453d-bf97-e1a56fd8c1a5}</UniqueIdentifier>
    </Filter>
    <Filter Include="Actor\Player">
      <UniqueIdentifier>{d8004983-2e78-4801-b725-5512f1fd3127}</UniqueIdentifier>
    </Filter>
    <Filter Include="Actor\Monster">
      <UniqueIdentifier>{0a956dbf-e5b4-4681-88e7-151c50486aed}</UniqueIdentifier>
    </Filter>
    <Filter Include="Level\Global">
      <UniqueIdentifier>{05703c86-16b3-4e80-b9ed-25625597bdfb}</UniqueIdentifier>
    </Filter>
    <Filter Include="Level\PlayLevel">
      <UniqueIdentifier>{89852ab1-3a69-4400-a3f8-5d6283f82fa0}</UniqueIdentifier>
    </Filter>
    <Filter Include="Level\PlayLevel\Actor">
      <UniqueIdentifier>{dda464f9-097b-42c8-8170-c0beb4b9b6a0}</UniqueIdentifier>
    </Filter>
    <Filter Include="Level\TitleLevel">
      <UniqueIdentifier>{08ae12fc-5657-4d12-9287-592cda18409f}</UniqueIdentifier>
    </Filter>
    <Filter Include="Level\TitleLevel\Actor">
      <UniqueIdentifier>{0185e3e3-d091-4a48-bb3f-68183f149d3b}</UniqueIdentifier>
    </Filter>
    <Filter Include="Level\PlayLevel2">
      <UniqueIdentifier>{f1b94ab9-3525-4598-8f05-016066735b11}</UniqueIdentifier>
    </Filter>
    <Filter Include="Level\PlayLevel2\Actor">
      <UniqueIdentifier>{4ec67bb8-c948-49b1-b5cc-f4f9c6570796}</UniqueIdentifier>
    </Filter>
    <Filter Include="Level\BattleLevel">
      <UniqueIdentifier>{f44764ca-09bc-4e5b-a362-d7ffab63da43}</UniqueIdentifier>
    </Filter>
    <Filter Include="Level\BattleLevel\Actor">
      <UniqueIdentifier>{c0b5ff8b-00d4-44ad-af18-8738652297e2}</UniqueIdentifier>
    </Filter>
    <Filter Include="Actor\Monster\Flowey">
      <UniqueIdentifier>{f55550bd-2c01-4bf8-af29-ccd13004bebd}</UniqueIdentifier>
    </Filter>
    <Filter Include="Level\BattleLevel\FloweyBattleLevel">
      <UniqueIdentifier>{8af7c7a4-d62b-4875-b8b9-82211c269c90}</UniqueIdentifier>
    </Filter>
    <Filter Include="Actor\Font">
      <UniqueIdentifier>{34495c58-4535-4858-8286-fc636137155c}</UniqueIdentifier>
    </Filter>
  </ItemGroup>
</Project>