
Microsoft Visual Studio Solution File, Format Version 12.00
# Visual Studio Version 17
VisualStudioVersion = 17.0.32014.148
MinimumVisualStudioVersion = 10.0.40219.1
Project("{8BC9CEB8-8B4A-11D0-8D11-00A0C91BC942}") = "GameApp", "GameApp\GameApp.vcxproj", "{70EE8062-F79F-4125-8B9D-9C037480C602}"
EndProject
Project("{8BC9CEB8-8B4A-11D0-8D11-00A0C91BC942}") = "GameEngineContents", "GameEngineContents\GameEngineContents.vcxproj", "{25C141B2-44E1-4449-B375-FC1C67671095}"
EndProject
Project("{2150E333-8FDC-42A3-9474-1A3956D46DE8}") = "Level0", "Level0", "{555AA914-1EEC-49D1-9F36-082DB805A8E2}"
EndProject
Project("{2150E333-8FDC-42A3-9474-1A3956D46DE8}") = "Level1", "Level1", "{848E9817-1028-4CDB-A571-DCFBE5E88421}"
EndProject
Project("{2150E333-8FDC-42A3-9474-1A3956D46DE8}") = "Level2", "Level2", "{36AF1E23-68A3-4DD9-933A-AA6CAFE5648F}"
EndProject
Project("{2150E333-8FDC-42A3-9474-1A3956D46DE8}") = "Level3", "Level3", "{2BEC8110-F712-4C89-B2EE-FC55FD8E6F7D}"
EndProject
Project("{8BC9CEB8-8B4A-11D0-8D11-00A0C91BC942}") = "GameEngineBase", "GameEngineBase\GameEngineBase.vcxproj", "{5AFAE6F0-AEBD-4BCC-B000-8C573BE09F54}"
EndProject
Project("{8BC9CEB8-8B4A-11D0-8D11-00A0C91BC942}") = "GameEngine", "GameEngine\GameEngine.vcxproj", "{3BFBA927-1D22-4777-9FE8-9204BC1D8EAC}"
EndProject
Global
	GlobalSection(SolutionConfigurationPlatforms) = preSolution
		Debug|x64 = Debug|x64
		Debug|x86 = Debug|x86
		Release|x64 = Release|x64
		Release|x86 = Release|x86
	EndGlobalSection
	GlobalSection(ProjectConfigurationPlatforms) = postSolution
		{70EE8062-F79F-4125-8B9D-9C037480C602}.Debug|x64.ActiveCfg = Debug|x64
		{70EE8062-F79F-4125-8B9D-9C037480C602}.Debug|x64.Build.0 = Debug|x64
		{70EE8062-F79F-4125-8B9D-9C037480C602}.Debug|x86.ActiveCfg = Debug|Win32
		{70EE8062-F79F-4125-8B9D-9C037480C602}.Debug|x86.Build.0 = Debug|Win32
		{70EE8062-F79F-4125-8B9D-9C037480C602}.Release|x64.ActiveCfg = Release|x64
		{70EE8062-F79F-4125-8B9D-9C037480C602}.Release|x64.Build.0 = Release|x64
		{70EE8062-F79F-4125-8B9D-9C037480C602}.Release|x86.ActiveCfg = Release|Win32
		{70EE8062-F79F-4125-8B9D-9C037480C602}.Release|x86.Build.0 = Release|Win32
		{25C141B2-44E1-4449-B375-FC1C67671095}.Debug|x64.ActiveCfg = Debug|x64
		{25C141B2-44E1-4449-B375-FC1C67671095}.Debug|x64.Build.0 = Debug|x64
		{25C141B2-44E1-4449-B375-FC1C67671095}.Debug|x86.ActiveCfg = Debug|Win32
		{25C141B2-44E1-4449-B375-FC1C67671095}.Debug|x86.Build.0 = Debug|Win32
		{25C141B2-44E1-4449-B375-FC1C67671095}.Release|x64.ActiveCfg = Release|x64
		{25C141B2-44E1-4449-B375-FC1C67671095}.Release|x64.Build.0 = Release|x64
		{25C141B2-44E1-4449-B375-FC1C67671095}.Release|x86.ActiveCfg = Release|Win32
		{25C141B2-44E1-4449-B375-FC1C67671095}.Release|x86.Build.0 = Release|Win32
		{5AFAE6F0-AEBD-4BCC-B000-8C573BE09F54}.Debug|x64.ActiveCfg = Debug|x64
		{5AFAE6F0-AEBD-4BCC-B000-8C573BE09F54}.Debug|x64.Build.0 = Debug|x64
		{5AFAE6F0-AEBD-4BCC-B000-8C573BE09F54}.Debug|x86.ActiveCfg = Debug|Win32
		{5AFAE6F0-AEBD-4BCC-B000-8C573BE09F54}.Debug|x86.Build.0 = Debug|Win32
		{5AFAE6F0-AEBD-4BCC-B000-8C573BE09F54}.Release|x64.ActiveCfg = Release|x64
		{5AFAE6F0-AEBD-4BCC-B000-8C573BE09F54}.Release|x64.Build.0 = Release|x64
		{5AFAE6F0-AEBD-4BCC-B000-8C573BE09F54}.Release|x86.ActiveCfg = Release|Win32
		{5AFAE6F0-AEBD-4BCC-B000-8C573BE09F54}.Release|x86.Build.0 = Release|Win32
		{3BFBA927-1D22-4777-9FE8-9204BC1D8EAC}.Debug|x64.ActiveCfg = Debug|x64
		{3BFBA927-1D22-4777-9FE8-9204BC1D8EAC}.Debug|x64.Build.0 = Debug|x64
		{3BFBA927-1D22-4777-9FE8-9204BC1D8EAC}.Debug|x86.ActiveCfg = Debug|Win32
		{3BFBA927-1D22-4777-9FE8-9204BC1D8EAC}.Debug|x86.Build.0 = Debug|Win32
		{3BFBA927-1D22-4777-9FE8-9204BC1D8EAC}.Release|x64.ActiveCfg = Release|x64
		{3BFBA927-1D22-4777-9FE8-9204BC1D8EAC}.Release|x64.Build.0 = Release|x64
		{3BFBA927-1D22-4777-9FE8-9204BC1D8EAC}.Release|x86.ActiveCfg = Release|Win32
		{3BFBA927-1D22-4777-9FE8-9204BC1D8EAC}.Release|x86.Build.0 = Release|Win32
	EndGlobalSection
	GlobalSection(SolutionProperties) = preSolution
		HideSolutionNode = FALSE
	EndGlobalSection
	GlobalSection(NestedProjects) = preSolution
		{70EE8062-F79F-4125-8B9D-9C037480C602} = {2BEC8110-F712-4C89-B2EE-FC55FD8E6F7D}
		{25C141B2-44E1-4449-B375-FC1C67671095} = {36AF1E23-68A3-4DD9-933A-AA6CAFE5648F}
		{5AFAE6F0-AEBD-4BCC-B000-8C573BE09F54} = {555AA914-1EEC-49D1-9F36-082DB805A8E2}
		{3BFBA927-1D22-4777-9FE8-9204BC1D8EAC} = {848E9817-1028-4CDB-A571-DCFBE5E88421}
	EndGlobalSection
	GlobalSection(ExtensibilityGlobals) = postSolution
		SolutionGuid = {2753C6B0-645E-4CB2-8BC8-5373614FCB36}
	EndGlobalSection
EndGlobal
